
Microsoft Visual Studio Solution File, Format Version 12.00
# Visual Studio Version 17
VisualStudioVersion = 17.10.34928.147
MinimumVisualStudioVersion = 10.0.40219.1
Project("{2150E333-8FDC-42A3-9474-1A3956D46DE8}") = "Services", "Services", "{CDE450A5-BB69-4A7C-8DE4-7E4890A7576C}"
EndProject
Project("{2150E333-8FDC-42A3-9474-1A3956D46DE8}") = "Catalog", "Catalog", "{5A5CE822-9E73-46D6-8AC9-3210213B9654}"
EndProject
Project("{9A19103F-16F7-4668-BE54-9A1E7A4F7556}") = "Catalog.API", "Services\Catalog\Catalog.API\Catalog.API.csproj", "{DF0E8865-4910-47BA-925D-F3BF42310D21}"
EndProject
Project("{9A19103F-16F7-4668-BE54-9A1E7A4F7556}") = "Catalog.CrossCutting", "Services\Catalog\Catalog.CrossCutting\Catalog.CrossCutting.csproj", "{9FD46374-78C7-437B-8D95-8F1D92B47813}"
EndProject
Project("{9A19103F-16F7-4668-BE54-9A1E7A4F7556}") = "Catalog.Infrastructure", "Services\Catalog\Catalog.Infrastructure\Catalog.Infrastructure.csproj", "{09F4580E-D600-46A2-9BB3-5E639F7CB083}"
EndProject
Project("{9A19103F-16F7-4668-BE54-9A1E7A4F7556}") = "Contracts", "Contracts\Contracts.csproj", "{782A0E03-9D82-458B-BF62-F0F413951BD0}"
EndProject
Project("{9A19103F-16F7-4668-BE54-9A1E7A4F7556}") = "Catalog.Application", "Services\Catalog\Catalog.Application\Catalog.Application.csproj", "{F51925F8-10CA-45EA-9193-E68F36E18377}"
EndProject
Project("{E53339B2-1760-4266-BCC7-CA923CBCF16C}") = "docker-compose", "docker-compose.dcproj", "{9D8CBFD6-536E-452E-971D-2AEA2E9CFA1E}"
EndProject
Project("{9A19103F-16F7-4668-BE54-9A1E7A4F7556}") = "Catalog.Tests", "Services\Catalog\Catalog.Tests\Catalog.Tests.csproj", "{49EEF547-AFA4-4FCA-8C52-D31CD43B1599}"
EndProject
Project("{2150E333-8FDC-42A3-9474-1A3956D46DE8}") = "Basket", "Basket", "{E2F19998-08B7-4B0E-80BD-2EBB637153D8}"
EndProject
Project("{9A19103F-16F7-4668-BE54-9A1E7A4F7556}") = "Basket.Application", "Services\Basket\Basket.Application\Basket.Application.csproj", "{80F0F7C9-0A2C-419B-8E3F-48584E62DE72}"
EndProject
Project("{9A19103F-16F7-4668-BE54-9A1E7A4F7556}") = "Basket.Infrastructure", "Services\Basket\Basket.Infrastructure\Basket.Infrastructure.csproj", "{7AB2BCC6-274C-4A3B-A00D-8CF38A392763}"
EndProject
Project("{9A19103F-16F7-4668-BE54-9A1E7A4F7556}") = "Basket.API", "Services\Basket\Basket.API\Basket.API.csproj", "{9820F09E-D8C7-408F-B5AA-3D5D1B16889F}"
EndProject
Project("{9A19103F-16F7-4668-BE54-9A1E7A4F7556}") = "Basket.CrossCutting", "Services\Basket\Basket.CrossCutting\Basket.CrossCutting.csproj", "{F6FDBD0D-E955-4D6D-91D9-CDB52BCBD307}"
EndProject
Project("{FAE04EC0-301F-11D3-BF4B-00C04F79EFBC}") = "Catalog.Domain", "Services\Catalog\Catalog.Domain\Catalog.Domain.csproj", "{35C6FF95-CA38-4CD3-80C3-513A11696A8E}"
EndProject
Global
	GlobalSection(SolutionConfigurationPlatforms) = preSolution
		Debug|Any CPU = Debug|Any CPU
		Release|Any CPU = Release|Any CPU
	EndGlobalSection
	GlobalSection(ProjectConfigurationPlatforms) = postSolution
		{DF0E8865-4910-47BA-925D-F3BF42310D21}.Debug|Any CPU.ActiveCfg = Debug|Any CPU
		{DF0E8865-4910-47BA-925D-F3BF42310D21}.Debug|Any CPU.Build.0 = Debug|Any CPU
		{DF0E8865-4910-47BA-925D-F3BF42310D21}.Release|Any CPU.ActiveCfg = Release|Any CPU
		{DF0E8865-4910-47BA-925D-F3BF42310D21}.Release|Any CPU.Build.0 = Release|Any CPU
		{9FD46374-78C7-437B-8D95-8F1D92B47813}.Debug|Any CPU.ActiveCfg = Debug|Any CPU
		{9FD46374-78C7-437B-8D95-8F1D92B47813}.Debug|Any CPU.Build.0 = Debug|Any CPU
		{9FD46374-78C7-437B-8D95-8F1D92B47813}.Release|Any CPU.ActiveCfg = Release|Any CPU
		{9FD46374-78C7-437B-8D95-8F1D92B47813}.Release|Any CPU.Build.0 = Release|Any CPU
		{09F4580E-D600-46A2-9BB3-5E639F7CB083}.Debug|Any CPU.ActiveCfg = Debug|Any CPU
		{09F4580E-D600-46A2-9BB3-5E639F7CB083}.Debug|Any CPU.Build.0 = Debug|Any CPU
		{09F4580E-D600-46A2-9BB3-5E639F7CB083}.Release|Any CPU.ActiveCfg = Release|Any CPU
		{09F4580E-D600-46A2-9BB3-5E639F7CB083}.Release|Any CPU.Build.0 = Release|Any CPU
		{782A0E03-9D82-458B-BF62-F0F413951BD0}.Debug|Any CPU.ActiveCfg = Debug|Any CPU
		{782A0E03-9D82-458B-BF62-F0F413951BD0}.Debug|Any CPU.Build.0 = Debug|Any CPU
		{782A0E03-9D82-458B-BF62-F0F413951BD0}.Release|Any CPU.ActiveCfg = Release|Any CPU
		{782A0E03-9D82-458B-BF62-F0F413951BD0}.Release|Any CPU.Build.0 = Release|Any CPU
		{F51925F8-10CA-45EA-9193-E68F36E18377}.Debug|Any CPU.ActiveCfg = Debug|Any CPU
		{F51925F8-10CA-45EA-9193-E68F36E18377}.Debug|Any CPU.Build.0 = Debug|Any CPU
		{F51925F8-10CA-45EA-9193-E68F36E18377}.Release|Any CPU.ActiveCfg = Release|Any CPU
		{F51925F8-10CA-45EA-9193-E68F36E18377}.Release|Any CPU.Build.0 = Release|Any CPU
		{9D8CBFD6-536E-452E-971D-2AEA2E9CFA1E}.Debug|Any CPU.ActiveCfg = Debug|Any CPU
		{9D8CBFD6-536E-452E-971D-2AEA2E9CFA1E}.Debug|Any CPU.Build.0 = Debug|Any CPU
		{9D8CBFD6-536E-452E-971D-2AEA2E9CFA1E}.Release|Any CPU.ActiveCfg = Release|Any CPU
		{9D8CBFD6-536E-452E-971D-2AEA2E9CFA1E}.Release|Any CPU.Build.0 = Release|Any CPU
		{49EEF547-AFA4-4FCA-8C52-D31CD43B1599}.Debug|Any CPU.ActiveCfg = Debug|Any CPU
		{49EEF547-AFA4-4FCA-8C52-D31CD43B1599}.Debug|Any CPU.Build.0 = Debug|Any CPU
		{49EEF547-AFA4-4FCA-8C52-D31CD43B1599}.Release|Any CPU.ActiveCfg = Release|Any CPU
		{49EEF547-AFA4-4FCA-8C52-D31CD43B1599}.Release|Any CPU.Build.0 = Release|Any CPU
		{80F0F7C9-0A2C-419B-8E3F-48584E62DE72}.Debug|Any CPU.ActiveCfg = Debug|Any CPU
		{80F0F7C9-0A2C-419B-8E3F-48584E62DE72}.Debug|Any CPU.Build.0 = Debug|Any CPU
		{80F0F7C9-0A2C-419B-8E3F-48584E62DE72}.Release|Any CPU.ActiveCfg = Release|Any CPU
		{80F0F7C9-0A2C-419B-8E3F-48584E62DE72}.Release|Any CPU.Build.0 = Release|Any CPU
		{7AB2BCC6-274C-4A3B-A00D-8CF38A392763}.Debug|Any CPU.ActiveCfg = Debug|Any CPU
		{7AB2BCC6-274C-4A3B-A00D-8CF38A392763}.Debug|Any CPU.Build.0 = Debug|Any CPU
		{7AB2BCC6-274C-4A3B-A00D-8CF38A392763}.Release|Any CPU.ActiveCfg = Release|Any CPU
		{7AB2BCC6-274C-4A3B-A00D-8CF38A392763}.Release|Any CPU.Build.0 = Release|Any CPU
		{9820F09E-D8C7-408F-B5AA-3D5D1B16889F}.Debug|Any CPU.ActiveCfg = Debug|Any CPU
		{9820F09E-D8C7-408F-B5AA-3D5D1B16889F}.Debug|Any CPU.Build.0 = Debug|Any CPU
		{9820F09E-D8C7-408F-B5AA-3D5D1B16889F}.Release|Any CPU.ActiveCfg = Release|Any CPU
		{9820F09E-D8C7-408F-B5AA-3D5D1B16889F}.Release|Any CPU.Build.0 = Release|Any CPU
		{F6FDBD0D-E955-4D6D-91D9-CDB52BCBD307}.Debug|Any CPU.ActiveCfg = Debug|Any CPU
		{F6FDBD0D-E955-4D6D-91D9-CDB52BCBD307}.Debug|Any CPU.Build.0 = Debug|Any CPU
		{F6FDBD0D-E955-4D6D-91D9-CDB52BCBD307}.Release|Any CPU.ActiveCfg = Release|Any CPU
		{F6FDBD0D-E955-4D6D-91D9-CDB52BCBD307}.Release|Any CPU.Build.0 = Release|Any CPU
		{35C6FF95-CA38-4CD3-80C3-513A11696A8E}.Debug|Any CPU.ActiveCfg = Debug|Any CPU
		{35C6FF95-CA38-4CD3-80C3-513A11696A8E}.Debug|Any CPU.Build.0 = Debug|Any CPU
		{35C6FF95-CA38-4CD3-80C3-513A11696A8E}.Release|Any CPU.ActiveCfg = Release|Any CPU
		{35C6FF95-CA38-4CD3-80C3-513A11696A8E}.Release|Any CPU.Build.0 = Release|Any CPU
	EndGlobalSection
	GlobalSection(SolutionProperties) = preSolution
		HideSolutionNode = FALSE
	EndGlobalSection
	GlobalSection(NestedProjects) = preSolution
		{5A5CE822-9E73-46D6-8AC9-3210213B9654} = {CDE450A5-BB69-4A7C-8DE4-7E4890A7576C}
		{DF0E8865-4910-47BA-925D-F3BF42310D21} = {5A5CE822-9E73-46D6-8AC9-3210213B9654}
		{9FD46374-78C7-437B-8D95-8F1D92B47813} = {5A5CE822-9E73-46D6-8AC9-3210213B9654}
		{09F4580E-D600-46A2-9BB3-5E639F7CB083} = {5A5CE822-9E73-46D6-8AC9-3210213B9654}
		{F51925F8-10CA-45EA-9193-E68F36E18377} = {5A5CE822-9E73-46D6-8AC9-3210213B9654}
		{49EEF547-AFA4-4FCA-8C52-D31CD43B1599} = {5A5CE822-9E73-46D6-8AC9-3210213B9654}
		{E2F19998-08B7-4B0E-80BD-2EBB637153D8} = {CDE450A5-BB69-4A7C-8DE4-7E4890A7576C}
		{80F0F7C9-0A2C-419B-8E3F-48584E62DE72} = {E2F19998-08B7-4B0E-80BD-2EBB637153D8}
		{7AB2BCC6-274C-4A3B-A00D-8CF38A392763} = {E2F19998-08B7-4B0E-80BD-2EBB637153D8}
		{9820F09E-D8C7-408F-B5AA-3D5D1B16889F} = {E2F19998-08B7-4B0E-80BD-2EBB637153D8}
		{F6FDBD0D-E955-4D6D-91D9-CDB52BCBD307} = {E2F19998-08B7-4B0E-80BD-2EBB637153D8}
		{35C6FF95-CA38-4CD3-80C3-513A11696A8E} = {5A5CE822-9E73-46D6-8AC9-3210213B9654}
	EndGlobalSection
	GlobalSection(ExtensibilityGlobals) = postSolution
		SolutionGuid = {1B22C076-0F81-46DA-BD27-BC28CD92DF9C}
	EndGlobalSection
EndGlobal
